
Microsoft Visual Studio Solution File, Format Version 12.00
# Visual Studio Version 16
VisualStudioVersion = 16.0.29519.87
MinimumVisualStudioVersion = 10.0.40219.1
Project("{9A19103F-16F7-4668-BE54-9A1E7A4F7556}") = "kRPG", "kRPG\kRPG.csproj", "{EEA5C16A-3B9A-499D-A5EB-0E21EE9938F7}"
EndProject
Project("{2150E333-8FDC-42A3-9474-1A3956D46DE8}") = "Solution Items", "Solution Items", "{EA28824C-5CCD-4965-AEF7-7E077250B9DF}"
	ProjectSection(SolutionItems) = preProject
		kRPG_VersionInfo.json = kRPG_VersionInfo.json
	EndProjectSection
EndProject
Global
	GlobalSection(SolutionConfigurationPlatforms) = preSolution
		Debug|Any CPU = Debug|Any CPU
		Debug|ARM = Debug|ARM
		Debug|x64 = Debug|x64
		Debug|x86 = Debug|x86
		Release|Any CPU = Release|Any CPU
		Release|ARM = Release|ARM
		Release|x64 = Release|x64
		Release|x86 = Release|x86
	EndGlobalSection
	GlobalSection(ProjectConfigurationPlatforms) = postSolution
		{EEA5C16A-3B9A-499D-A5EB-0E21EE9938F7}.Debug|Any CPU.ActiveCfg = Debug|Any CPU
		{EEA5C16A-3B9A-499D-A5EB-0E21EE9938F7}.Debug|Any CPU.Build.0 = Debug|Any CPU
		{EEA5C16A-3B9A-499D-A5EB-0E21EE9938F7}.Debug|ARM.ActiveCfg = Debug|Any CPU
		{EEA5C16A-3B9A-499D-A5EB-0E21EE9938F7}.Debug|ARM.Build.0 = Debug|Any CPU
		{EEA5C16A-3B9A-499D-A5EB-0E21EE9938F7}.Debug|x64.ActiveCfg = Debug|Any CPU
		{EEA5C16A-3B9A-499D-A5EB-0E21EE9938F7}.Debug|x64.Build.0 = Debug|Any CPU
		{EEA5C16A-3B9A-499D-A5EB-0E21EE9938F7}.Debug|x86.ActiveCfg = Debug|Any CPU
		{EEA5C16A-3B9A-499D-A5EB-0E21EE9938F7}.Debug|x86.Build.0 = Debug|Any CPU
		{EEA5C16A-3B9A-499D-A5EB-0E21EE9938F7}.Release|Any CPU.ActiveCfg = Release|Any CPU
		{EEA5C16A-3B9A-499D-A5EB-0E21EE9938F7}.Release|Any CPU.Build.0 = Release|Any CPU
		{EEA5C16A-3B9A-499D-A5EB-0E21EE9938F7}.Release|ARM.ActiveCfg = Release|Any CPU
		{EEA5C16A-3B9A-499D-A5EB-0E21EE9938F7}.Release|ARM.Build.0 = Release|Any CPU
		{EEA5C16A-3B9A-499D-A5EB-0E21EE9938F7}.Release|x64.ActiveCfg = Release|Any CPU
		{EEA5C16A-3B9A-499D-A5EB-0E21EE9938F7}.Release|x64.Build.0 = Release|Any CPU
		{EEA5C16A-3B9A-499D-A5EB-0E21EE9938F7}.Release|x86.ActiveCfg = Release|Any CPU
		{EEA5C16A-3B9A-499D-A5EB-0E21EE9938F7}.Release|x86.Build.0 = Release|Any CPU
	EndGlobalSection
	GlobalSection(SolutionProperties) = preSolution
		HideSolutionNode = FALSE
	EndGlobalSection
	GlobalSection(ExtensibilityGlobals) = postSolution
		SolutionGuid = {193F2405-46BB-42CB-B5F5-EBA50CD189EA}
	EndGlobalSection
EndGlobal
